
Microsoft Visual Studio Solution File, Format Version 12.00
# Visual Studio 14
VisualStudioVersion = 14.0.25420.1
MinimumVisualStudioVersion = 10.0.40219.1
Project("{FAE04EC0-301F-11D3-BF4B-00C04F79EFBC}") = "P62T3.1PrintList", "P62T3.1PrintList\P62T3.1PrintList.csproj", "{B8E822DC-AF65-4DDB-BE84-D3B7FA61D09F}"
EndProject
Project("{FAE04EC0-301F-11D3-BF4B-00C04F79EFBC}") = "P62T3.3SwapListNode", "P62T3.3SwapListNode\P62T3.3SwapListNode.csproj", "{7DB08D80-19E4-4415-AE24-3E46FCD76E5E}"
EndProject
Project("{FAE04EC0-301F-11D3-BF4B-00C04F79EFBC}") = "P62T3.4ListAndOr", "P62T3.4ListAndOr\P62T3.4ListAndOr.csproj", "{CE3D72B6-22E1-4F2E-9D64-D40DEE31F61F}"
EndProject
Project("{FAE04EC0-301F-11D3-BF4B-00C04F79EFBC}") = "P62T3.7.bPolynomialMultiplication", "P62T3.7.bPolynomialMultiplication\P62T3.7.bPolynomialMultiplication.csproj", "{4B80D8E8-7E80-4DCB-8AE2-A6DAEE82FE03}"
EndProject
Project("{FAE04EC0-301F-11D3-BF4B-00C04F79EFBC}") = "P63T3.10JosephusProblem", "P63T3.10JosephusProblem\P63T3.10JosephusProblem.csproj", "{8795063A-BA9D-4DEB-9E39-9D1C9DAA8D91}"
EndProject
Project("{FAE04EC0-301F-11D3-BF4B-00C04F79EFBC}") = "P63T3.12ReverseList", "P63T3.12ReverseList\P63T3.12ReverseList.csproj", "{6A16E318-FEAD-40B8-AFB1-C2FCE4BAFD66}"
EndProject
Project("{FAE04EC0-301F-11D3-BF4B-00C04F79EFBC}") = "P63T3.13RadixSort", "P63T3.13RadixSort\P63T3.13RadixSort.csproj", "{4A2D64EB-C5E1-43A2-A4CE-C2AA27BB2C35}"
EndProject
Project("{FAE04EC0-301F-11D3-BF4B-00C04F79EFBC}") = "P63T3.15SelfAdjustingList", "P63T3.15SelfAdjustingList\P63T3.15SelfAdjustingList.csproj", "{86174555-804D-4C00-BE14-B494EDFDC43B}"
EndProject
Project("{FAE04EC0-301F-11D3-BF4B-00C04F79EFBC}") = "P63T3.16DeleteDuplicateItem", "P63T3.16DeleteDuplicateItem\P63T3.16DeleteDuplicateItem.csproj", "{79371BA4-2DEE-43FA-89C6-49CC4CFC66D5}"
EndProject
Project("{FAE04EC0-301F-11D3-BF4B-00C04F79EFBC}") = "P64T3.18MatchParentheses", "P64T3.18MatchParentheses\P64T3.18MatchParentheses.csproj", "{867629B5-4393-4A16-B76A-6B51B89EBC5B}"
EndProject
Global
	GlobalSection(SolutionConfigurationPlatforms) = preSolution
		Debug|Any CPU = Debug|Any CPU
		Release|Any CPU = Release|Any CPU
	EndGlobalSection
	GlobalSection(ProjectConfigurationPlatforms) = postSolution
		{B8E822DC-AF65-4DDB-BE84-D3B7FA61D09F}.Debug|Any CPU.ActiveCfg = Debug|Any CPU
		{B8E822DC-AF65-4DDB-BE84-D3B7FA61D09F}.Debug|Any CPU.Build.0 = Debug|Any CPU
		{B8E822DC-AF65-4DDB-BE84-D3B7FA61D09F}.Release|Any CPU.ActiveCfg = Release|Any CPU
		{B8E822DC-AF65-4DDB-BE84-D3B7FA61D09F}.Release|Any CPU.Build.0 = Release|Any CPU
		{7DB08D80-19E4-4415-AE24-3E46FCD76E5E}.Debug|Any CPU.ActiveCfg = Debug|Any CPU
		{7DB08D80-19E4-4415-AE24-3E46FCD76E5E}.Debug|Any CPU.Build.0 = Debug|Any CPU
		{7DB08D80-19E4-4415-AE24-3E46FCD76E5E}.Release|Any CPU.ActiveCfg = Release|Any CPU
		{7DB08D80-19E4-4415-AE24-3E46FCD76E5E}.Release|Any CPU.Build.0 = Release|Any CPU
		{CE3D72B6-22E1-4F2E-9D64-D40DEE31F61F}.Debug|Any CPU.ActiveCfg = Debug|Any CPU
		{CE3D72B6-22E1-4F2E-9D64-D40DEE31F61F}.Debug|Any CPU.Build.0 = Debug|Any CPU
		{CE3D72B6-22E1-4F2E-9D64-D40DEE31F61F}.Release|Any CPU.ActiveCfg = Release|Any CPU
		{CE3D72B6-22E1-4F2E-9D64-D40DEE31F61F}.Release|Any CPU.Build.0 = Release|Any CPU
		{4B80D8E8-7E80-4DCB-8AE2-A6DAEE82FE03}.Debug|Any CPU.ActiveCfg = Debug|Any CPU
		{4B80D8E8-7E80-4DCB-8AE2-A6DAEE82FE03}.Debug|Any CPU.Build.0 = Debug|Any CPU
		{4B80D8E8-7E80-4DCB-8AE2-A6DAEE82FE03}.Release|Any CPU.ActiveCfg = Release|Any CPU
		{4B80D8E8-7E80-4DCB-8AE2-A6DAEE82FE03}.Release|Any CPU.Build.0 = Release|Any CPU
		{8795063A-BA9D-4DEB-9E39-9D1C9DAA8D91}.Debug|Any CPU.ActiveCfg = Debug|Any CPU
		{8795063A-BA9D-4DEB-9E39-9D1C9DAA8D91}.Debug|Any CPU.Build.0 = Debug|Any CPU
		{8795063A-BA9D-4DEB-9E39-9D1C9DAA8D91}.Release|Any CPU.ActiveCfg = Release|Any CPU
		{8795063A-BA9D-4DEB-9E39-9D1C9DAA8D91}.Release|Any CPU.Build.0 = Release|Any CPU
		{6A16E318-FEAD-40B8-AFB1-C2FCE4BAFD66}.Debug|Any CPU.ActiveCfg = Debug|Any CPU
		{6A16E318-FEAD-40B8-AFB1-C2FCE4BAFD66}.Debug|Any CPU.Build.0 = Debug|Any CPU
		{6A16E318-FEAD-40B8-AFB1-C2FCE4BAFD66}.Release|Any CPU.ActiveCfg = Release|Any CPU
		{6A16E318-FEAD-40B8-AFB1-C2FCE4BAFD66}.Release|Any CPU.Build.0 = Release|Any CPU
		{4A2D64EB-C5E1-43A2-A4CE-C2AA27BB2C35}.Debug|Any CPU.ActiveCfg = Debug|Any CPU
		{4A2D64EB-C5E1-43A2-A4CE-C2AA27BB2C35}.Debug|Any CPU.Build.0 = Debug|Any CPU
		{4A2D64EB-C5E1-43A2-A4CE-C2AA27BB2C35}.Release|Any CPU.ActiveCfg = Release|Any CPU
		{4A2D64EB-C5E1-43A2-A4CE-C2AA27BB2C35}.Release|Any CPU.Build.0 = Release|Any CPU
		{86174555-804D-4C00-BE14-B494EDFDC43B}.Debug|Any CPU.ActiveCfg = Debug|Any CPU
		{86174555-804D-4C00-BE14-B494EDFDC43B}.Debug|Any CPU.Build.0 = Debug|Any CPU
		{86174555-804D-4C00-BE14-B494EDFDC43B}.Release|Any CPU.ActiveCfg = Release|Any CPU
		{86174555-804D-4C00-BE14-B494EDFDC43B}.Release|Any CPU.Build.0 = Release|Any CPU
		{79371BA4-2DEE-43FA-89C6-49CC4CFC66D5}.Debug|Any CPU.ActiveCfg = Debug|Any CPU
		{79371BA4-2DEE-43FA-89C6-49CC4CFC66D5}.Debug|Any CPU.Build.0 = Debug|Any CPU
		{79371BA4-2DEE-43FA-89C6-49CC4CFC66D5}.Release|Any CPU.ActiveCfg = Release|Any CPU
		{79371BA4-2DEE-43FA-89C6-49CC4CFC66D5}.Release|Any CPU.Build.0 = Release|Any CPU
		{867629B5-4393-4A16-B76A-6B51B89EBC5B}.Debug|Any CPU.ActiveCfg = Debug|Any CPU
		{867629B5-4393-4A16-B76A-6B51B89EBC5B}.Debug|Any CPU.Build.0 = Debug|Any CPU
		{867629B5-4393-4A16-B76A-6B51B89EBC5B}.Release|Any CPU.ActiveCfg = Release|Any CPU
		{867629B5-4393-4A16-B76A-6B51B89EBC5B}.Release|Any CPU.Build.0 = Release|Any CPU
	EndGlobalSection
	GlobalSection(SolutionProperties) = preSolution
		HideSolutionNode = FALSE
	EndGlobalSection
EndGlobal
