
Microsoft Visual Studio Solution File, Format Version 12.00
# Visual Studio 14
VisualStudioVersion = 14.0.25420.1
MinimumVisualStudioVersion = 10.0.40219.1
Project("{FAE04EC0-301F-11D3-BF4B-00C04F79EFBC}") = "P73BinarySearchTree", "P73BinarySearchTree\P73BinarySearchTree.csproj", "{071D56F3-DE21-4296-BD46-39F62E792229}"
EndProject
Project("{FAE04EC0-301F-11D3-BF4B-00C04F79EFBC}") = "P80AVLTree", "P80AVLTree\P80AVLTree.csproj", "{BE719435-5E90-430A-9196-CFBA2B112E34}"
EndProject
Project("{FAE04EC0-301F-11D3-BF4B-00C04F79EFBC}") = "P104T4.28CountBSTreeNode", "P104T4.28CountBSTreeNode\P104T4.28CountBSTreeNode.csproj", "{D98204E6-69C0-4D4A-A813-73D87EC97615}"
EndProject
Project("{FAE04EC0-301F-11D3-BF4B-00C04F79EFBC}") = "P104T4.29MakeRandomTree", "P104T4.29MakeRandomTree\P104T4.29MakeRandomTree.csproj", "{CDE3AB31-B2CF-4B02-BED3-514E94713671}"
EndProject
Project("{FAE04EC0-301F-11D3-BF4B-00C04F79EFBC}") = "P104T4.30MakeAVLTree", "P104T4.30MakeAVLTree\P104T4.30MakeAVLTree.csproj", "{617402A4-1949-4ADB-988C-AD114FEFF1C6}"
EndProject
Project("{FAE04EC0-301F-11D3-BF4B-00C04F79EFBC}") = "P105T4.32PrintRangeBST", "P105T4.32PrintRangeBST\P105T4.32PrintRangeBST.csproj", "{6D52B816-F195-4C39-BA8E-E4C8FF7C8484}"
EndProject
Project("{FAE04EC0-301F-11D3-BF4B-00C04F79EFBC}") = "P105T4.33DrawBST", "P105T4.33DrawBST\P105T4.33DrawBST.csproj", "{C94914D1-5B8B-4FAE-8EAE-065758F3DFD8}"
EndProject
Project("{FAE04EC0-301F-11D3-BF4B-00C04F79EFBC}") = "P105T4.35PrintNodeByDepth", "P105T4.35PrintNodeByDepth\P105T4.35PrintNodeByDepth.csproj", "{9E323081-8DC6-478A-BD5F-F2C3DC87F16D}"
EndProject
Project("{FAE04EC0-301F-11D3-BF4B-00C04F79EFBC}") = "P105T4.39ChildSiblingsTree", "P105T4.39ChildSiblingsTree\P105T4.39ChildSiblingsTree.csproj", "{57F6D7F4-3444-48DB-AA94-A3F21CD01527}"
EndProject
Project("{FAE04EC0-301F-11D3-BF4B-00C04F79EFBC}") = "P105T4.41IsSimilarBST", "P105T4.41IsSimilarBST\P105T4.41IsSimilarBST.csproj", "{C66556D7-6D51-4F37-A8A0-3AA5AAD2BEBE}"
EndProject
Global
	GlobalSection(SolutionConfigurationPlatforms) = preSolution
		Debug|Any CPU = Debug|Any CPU
		Release|Any CPU = Release|Any CPU
	EndGlobalSection
	GlobalSection(ProjectConfigurationPlatforms) = postSolution
		{071D56F3-DE21-4296-BD46-39F62E792229}.Debug|Any CPU.ActiveCfg = Debug|Any CPU
		{071D56F3-DE21-4296-BD46-39F62E792229}.Debug|Any CPU.Build.0 = Debug|Any CPU
		{071D56F3-DE21-4296-BD46-39F62E792229}.Release|Any CPU.ActiveCfg = Release|Any CPU
		{071D56F3-DE21-4296-BD46-39F62E792229}.Release|Any CPU.Build.0 = Release|Any CPU
		{BE719435-5E90-430A-9196-CFBA2B112E34}.Debug|Any CPU.ActiveCfg = Debug|Any CPU
		{BE719435-5E90-430A-9196-CFBA2B112E34}.Debug|Any CPU.Build.0 = Debug|Any CPU
		{BE719435-5E90-430A-9196-CFBA2B112E34}.Release|Any CPU.ActiveCfg = Release|Any CPU
		{BE719435-5E90-430A-9196-CFBA2B112E34}.Release|Any CPU.Build.0 = Release|Any CPU
		{D98204E6-69C0-4D4A-A813-73D87EC97615}.Debug|Any CPU.ActiveCfg = Debug|Any CPU
		{D98204E6-69C0-4D4A-A813-73D87EC97615}.Debug|Any CPU.Build.0 = Debug|Any CPU
		{D98204E6-69C0-4D4A-A813-73D87EC97615}.Release|Any CPU.ActiveCfg = Release|Any CPU
		{D98204E6-69C0-4D4A-A813-73D87EC97615}.Release|Any CPU.Build.0 = Release|Any CPU
		{CDE3AB31-B2CF-4B02-BED3-514E94713671}.Debug|Any CPU.ActiveCfg = Debug|Any CPU
		{CDE3AB31-B2CF-4B02-BED3-514E94713671}.Debug|Any CPU.Build.0 = Debug|Any CPU
		{CDE3AB31-B2CF-4B02-BED3-514E94713671}.Release|Any CPU.ActiveCfg = Release|Any CPU
		{CDE3AB31-B2CF-4B02-BED3-514E94713671}.Release|Any CPU.Build.0 = Release|Any CPU
		{617402A4-1949-4ADB-988C-AD114FEFF1C6}.Debug|Any CPU.ActiveCfg = Debug|Any CPU
		{617402A4-1949-4ADB-988C-AD114FEFF1C6}.Debug|Any CPU.Build.0 = Debug|Any CPU
		{617402A4-1949-4ADB-988C-AD114FEFF1C6}.Release|Any CPU.ActiveCfg = Release|Any CPU
		{617402A4-1949-4ADB-988C-AD114FEFF1C6}.Release|Any CPU.Build.0 = Release|Any CPU
		{6D52B816-F195-4C39-BA8E-E4C8FF7C8484}.Debug|Any CPU.ActiveCfg = Debug|Any CPU
		{6D52B816-F195-4C39-BA8E-E4C8FF7C8484}.Debug|Any CPU.Build.0 = Debug|Any CPU
		{6D52B816-F195-4C39-BA8E-E4C8FF7C8484}.Release|Any CPU.ActiveCfg = Release|Any CPU
		{6D52B816-F195-4C39-BA8E-E4C8FF7C8484}.Release|Any CPU.Build.0 = Release|Any CPU
		{C94914D1-5B8B-4FAE-8EAE-065758F3DFD8}.Debug|Any CPU.ActiveCfg = Debug|Any CPU
		{C94914D1-5B8B-4FAE-8EAE-065758F3DFD8}.Debug|Any CPU.Build.0 = Debug|Any CPU
		{C94914D1-5B8B-4FAE-8EAE-065758F3DFD8}.Release|Any CPU.ActiveCfg = Release|Any CPU
		{C94914D1-5B8B-4FAE-8EAE-065758F3DFD8}.Release|Any CPU.Build.0 = Release|Any CPU
		{9E323081-8DC6-478A-BD5F-F2C3DC87F16D}.Debug|Any CPU.ActiveCfg = Debug|Any CPU
		{9E323081-8DC6-478A-BD5F-F2C3DC87F16D}.Debug|Any CPU.Build.0 = Debug|Any CPU
		{9E323081-8DC6-478A-BD5F-F2C3DC87F16D}.Release|Any CPU.ActiveCfg = Release|Any CPU
		{9E323081-8DC6-478A-BD5F-F2C3DC87F16D}.Release|Any CPU.Build.0 = Release|Any CPU
		{57F6D7F4-3444-48DB-AA94-A3F21CD01527}.Debug|Any CPU.ActiveCfg = Debug|Any CPU
		{57F6D7F4-3444-48DB-AA94-A3F21CD01527}.Debug|Any CPU.Build.0 = Debug|Any CPU
		{57F6D7F4-3444-48DB-AA94-A3F21CD01527}.Release|Any CPU.ActiveCfg = Release|Any CPU
		{57F6D7F4-3444-48DB-AA94-A3F21CD01527}.Release|Any CPU.Build.0 = Release|Any CPU
		{C66556D7-6D51-4F37-A8A0-3AA5AAD2BEBE}.Debug|Any CPU.ActiveCfg = Debug|Any CPU
		{C66556D7-6D51-4F37-A8A0-3AA5AAD2BEBE}.Debug|Any CPU.Build.0 = Debug|Any CPU
		{C66556D7-6D51-4F37-A8A0-3AA5AAD2BEBE}.Release|Any CPU.ActiveCfg = Release|Any CPU
		{C66556D7-6D51-4F37-A8A0-3AA5AAD2BEBE}.Release|Any CPU.Build.0 = Release|Any CPU
	EndGlobalSection
	GlobalSection(SolutionProperties) = preSolution
		HideSolutionNode = FALSE
	EndGlobalSection
EndGlobal
