
Microsoft Visual Studio Solution File, Format Version 12.00
# Visual Studio 14
VisualStudioVersion = 14.0.25420.1
MinimumVisualStudioVersion = 10.0.40219.1
Project("{FAE04EC0-301F-11D3-BF4B-00C04F79EFBC}") = "P73BinarySearchTree", "P73BinarySearchTree\P73BinarySearchTree.csproj", "{071D56F3-DE21-4296-BD46-39F62E792229}"
EndProject
Project("{FAE04EC0-301F-11D3-BF4B-00C04F79EFBC}") = "P80AVLTree", "P80AVLTree\P80AVLTree.csproj", "{BE719435-5E90-430A-9196-CFBA2B112E34}"
EndProject
Project("{FAE04EC0-301F-11D3-BF4B-00C04F79EFBC}") = "P104T4.28CountBSTreeNode", "P104T4.28CountBSTreeNode\P104T4.28CountBSTreeNode.csproj", "{D98204E6-69C0-4D4A-A813-73D87EC97615}"
EndProject
Global
	GlobalSection(SolutionConfigurationPlatforms) = preSolution
		Debug|Any CPU = Debug|Any CPU
		Release|Any CPU = Release|Any CPU
	EndGlobalSection
	GlobalSection(ProjectConfigurationPlatforms) = postSolution
		{071D56F3-DE21-4296-BD46-39F62E792229}.Debug|Any CPU.ActiveCfg = Debug|Any CPU
		{071D56F3-DE21-4296-BD46-39F62E792229}.Debug|Any CPU.Build.0 = Debug|Any CPU
		{071D56F3-DE21-4296-BD46-39F62E792229}.Release|Any CPU.ActiveCfg = Release|Any CPU
		{071D56F3-DE21-4296-BD46-39F62E792229}.Release|Any CPU.Build.0 = Release|Any CPU
		{BE719435-5E90-430A-9196-CFBA2B112E34}.Debug|Any CPU.ActiveCfg = Debug|Any CPU
		{BE719435-5E90-430A-9196-CFBA2B112E34}.Debug|Any CPU.Build.0 = Debug|Any CPU
		{BE719435-5E90-430A-9196-CFBA2B112E34}.Release|Any CPU.ActiveCfg = Release|Any CPU
		{BE719435-5E90-430A-9196-CFBA2B112E34}.Release|Any CPU.Build.0 = Release|Any CPU
		{D98204E6-69C0-4D4A-A813-73D87EC97615}.Debug|Any CPU.ActiveCfg = Debug|Any CPU
		{D98204E6-69C0-4D4A-A813-73D87EC97615}.Debug|Any CPU.Build.0 = Debug|Any CPU
		{D98204E6-69C0-4D4A-A813-73D87EC97615}.Release|Any CPU.ActiveCfg = Release|Any CPU
		{D98204E6-69C0-4D4A-A813-73D87EC97615}.Release|Any CPU.Build.0 = Release|Any CPU
	EndGlobalSection
	GlobalSection(SolutionProperties) = preSolution
		HideSolutionNode = FALSE
	EndGlobalSection
EndGlobal
